// !$*UTF8*$!
{
	archiveVersion = 1;
	classes = {
	};
	objectVersion = 46;
	objects = {

/* Begin PBXBuildFile section */
		A20963661BA9803000A06FCF /* main.m in Sources */ = {isa = PBXBuildFile; fileRef = A20963651BA9803000A06FCF /* main.m */; };
		A20963691BA9803000A06FCF /* AppDelegate.m in Sources */ = {isa = PBXBuildFile; fileRef = A20963681BA9803000A06FCF /* AppDelegate.m */; };
		A209636C1BA9803000A06FCF /* ViewController.m in Sources */ = {isa = PBXBuildFile; fileRef = A209636B1BA9803000A06FCF /* ViewController.m */; };
		A209636F1BA9803000A06FCF /* Main.storyboard in Resources */ = {isa = PBXBuildFile; fileRef = A209636D1BA9803000A06FCF /* Main.storyboard */; };
		A20963711BA9803000A06FCF /* Images.xcassets in Resources */ = {isa = PBXBuildFile; fileRef = A20963701BA9803000A06FCF /* Images.xcassets */; };
		A20963741BA9803000A06FCF /* LaunchScreen.xib in Resources */ = {isa = PBXBuildFile; fileRef = A20963721BA9803000A06FCF /* LaunchScreen.xib */; };
		A20963801BA9803000A06FCF /* Travel_PlannerTests.m in Sources */ = {isa = PBXBuildFile; fileRef = A209637F1BA9803000A06FCF /* Travel_PlannerTests.m */; };
/* End PBXBuildFile section */

/* Begin PBXContainerItemProxy section */
		A209637A1BA9803000A06FCF /* PBXContainerItemProxy */ = {
			isa = PBXContainerItemProxy;
			containerPortal = A20963581BA9803000A06FCF /* Project object */;
			proxyType = 1;
			remoteGlobalIDString = A209635F1BA9803000A06FCF;
			remoteInfo = "Travel Planner";
		};
/* End PBXContainerItemProxy section */

/* Begin PBXFileReference section */
		A20963601BA9803000A06FCF /* Travel Planner.app */ = {isa = PBXFileReference; explicitFileType = wrapper.application; includeInIndex = 0; path = "Travel Planner.app"; sourceTree = BUILT_PRODUCTS_DIR; };
		A20963641BA9803000A06FCF /* Info.plist */ = {isa = PBXFileReference; lastKnownFileType = text.plist.xml; path = Info.plist; sourceTree = "<group>"; };
		A20963651BA9803000A06FCF /* main.m */ = {isa = PBXFileReference; lastKnownFileType = sourcecode.c.objc; path = main.m; sourceTree = "<group>"; };
		A20963671BA9803000A06FCF /* AppDelegate.h */ = {isa = PBXFileReference; lastKnownFileType = sourcecode.c.h; path = AppDelegate.h; sourceTree = "<group>"; };
		A20963681BA9803000A06FCF /* AppDelegate.m */ = {isa = PBXFileReference; lastKnownFileType = sourcecode.c.objc; path = AppDelegate.m; sourceTree = "<group>"; };
		A209636A1BA9803000A06FCF /* ViewController.h */ = {isa = PBXFileReference; lastKnownFileType = sourcecode.c.h; path = ViewController.h; sourceTree = "<group>"; };
		A209636B1BA9803000A06FCF /* ViewController.m */ = {isa = PBXFileReference; lastKnownFileType = sourcecode.c.objc; path = ViewController.m; sourceTree = "<group>"; };
		A209636E1BA9803000A06FCF /* Base */ = {isa = PBXFileReference; lastKnownFileType = file.storyboard; name = Base; path = Base.lproj/Main.storyboard; sourceTree = "<group>"; };
		A20963701BA9803000A06FCF /* Images.xcassets */ = {isa = PBXFileReference; lastKnownFileType = folder.assetcatalog; path = Images.xcassets; sourceTree = "<group>"; };
		A20963731BA9803000A06FCF /* Base */ = {isa = PBXFileReference; lastKnownFileType = file.xib; name = Base; path = Base.lproj/LaunchScreen.xib; sourceTree = "<group>"; };
		A20963791BA9803000A06FCF /* Travel PlannerTests.xctest */ = {isa = PBXFileReference; explicitFileType = wrapper.cfbundle; includeInIndex = 0; path = "Travel PlannerTests.xctest"; sourceTree = BUILT_PRODUCTS_DIR; };
		A209637E1BA9803000A06FCF /* Info.plist */ = {isa = PBXFileReference; lastKnownFileType = text.plist.xml; path = Info.plist; sourceTree = "<group>"; };
		A209637F1BA9803000A06FCF /* Travel_PlannerTests.m */ = {isa = PBXFileReference; lastKnownFileType = sourcecode.c.objc; path = Travel_PlannerTests.m; sourceTree = "<group>"; };
/* End PBXFileReference section */

/* Begin PBXFrameworksBuildPhase section */
		A209635D1BA9803000A06FCF /* Frameworks */ = {
			isa = PBXFrameworksBuildPhase;
			buildActionMask = 2147483647;
			files = (
			);
			runOnlyForDeploymentPostprocessing = 0;
		};
		A20963761BA9803000A06FCF /* Frameworks */ = {
			isa = PBXFrameworksBuildPhase;
			buildActionMask = 2147483647;
			files = (
			);
			runOnlyForDeploymentPostprocessing = 0;
		};
/* End PBXFrameworksBuildPhase section */

/* Begin PBXGroup section */
		A20963571BA9803000A06FCF = {
			isa = PBXGroup;
			children = (
				A20963621BA9803000A06FCF /* Travel Planner */,
				A209637C1BA9803000A06FCF /* Travel PlannerTests */,
				A20963611BA9803000A06FCF /* Products */,
			);
			sourceTree = "<group>";
		};
		A20963611BA9803000A06FCF /* Products */ = {
			isa = PBXGroup;
			children = (
				A20963601BA9803000A06FCF /* Travel Planner.app */,
				A20963791BA9803000A06FCF /* Travel PlannerTests.xctest */,
			);
			name = Products;
			sourceTree = "<group>";
		};
		A20963621BA9803000A06FCF /* Travel Planner */ = {
			isa = PBXGroup;
			children = (
				A20963671BA9803000A06FCF /* AppDelegate.h */,
				A20963681BA9803000A06FCF /* AppDelegate.m */,
				A209636A1BA9803000A06FCF /* ViewController.h */,
				A209636B1BA9803000A06FCF /* ViewController.m */,
				A209636D1BA9803000A06FCF /* Main.storyboard */,
				A20963701BA9803000A06FCF /* Images.xcassets */,
				A20963721BA9803000A06FCF /* LaunchScreen.xib */,
				A20963631BA9803000A06FCF /* Supporting Files */,
			);
			path = "Travel Planner";
			sourceTree = "<group>";
		};
		A20963631BA9803000A06FCF /* Supporting Files */ = {
			isa = PBXGroup;
			children = (
				A20963641BA9803000A06FCF /* Info.plist */,
				A20963651BA9803000A06FCF /* main.m */,
			);
			name = "Supporting Files";
			sourceTree = "<group>";
		};
		A209637C1BA9803000A06FCF /* Travel PlannerTests */ = {
			isa = PBXGroup;
			children = (
				A209637F1BA9803000A06FCF /* Travel_PlannerTests.m */,
				A209637D1BA9803000A06FCF /* Supporting Files */,
			);
			path = "Travel PlannerTests";
			sourceTree = "<group>";
		};
		A209637D1BA9803000A06FCF /* Supporting Files */ = {
			isa = PBXGroup;
			children = (
				A209637E1BA9803000A06FCF /* Info.plist */,
			);
			name = "Supporting Files";
			sourceTree = "<group>";
		};
/* End PBXGroup section */

/* Begin PBXNativeTarget section */
		A209635F1BA9803000A06FCF /* Travel Planner */ = {
			isa = PBXNativeTarget;
			buildConfigurationList = A20963831BA9803000A06FCF /* Build configuration list for PBXNativeTarget "Travel Planner" */;
			buildPhases = (
				A209635C1BA9803000A06FCF /* Sources */,
				A209635D1BA9803000A06FCF /* Frameworks */,
				A209635E1BA9803000A06FCF /* Resources */,
			);
			buildRules = (
			);
			dependencies = (
			);
			name = "Travel Planner";
			productName = "Travel Planner";
			productReference = A20963601BA9803000A06FCF /* Travel Planner.app */;
			productType = "com.apple.product-type.application";
		};
		A20963781BA9803000A06FCF /* Travel PlannerTests */ = {
			isa = PBXNativeTarget;
			buildConfigurationList = A20963861BA9803000A06FCF /* Build configuration list for PBXNativeTarget "Travel PlannerTests" */;
			buildPhases = (
				A20963751BA9803000A06FCF /* Sources */,
				A20963761BA9803000A06FCF /* Frameworks */,
				A20963771BA9803000A06FCF /* Resources */,
			);
			buildRules = (
			);
			dependencies = (
				A209637B1BA9803000A06FCF /* PBXTargetDependency */,
			);
			name = "Travel PlannerTests";
			productName = "Travel PlannerTests";
			productReference = A20963791BA9803000A06FCF /* Travel PlannerTests.xctest */;
			productType = "com.apple.product-type.bundle.unit-test";
		};
/* End PBXNativeTarget section */

/* Begin PBXProject section */
		A20963581BA9803000A06FCF /* Project object */ = {
			isa = PBXProject;
			attributes = {
				LastUpgradeCheck = 0640;
				ORGANIZATIONNAME = demo;
				TargetAttributes = {
					A209635F1BA9803000A06FCF = {
						CreatedOnToolsVersion = 6.4;
					};
					A20963781BA9803000A06FCF = {
						CreatedOnToolsVersion = 6.4;
						TestTargetID = A209635F1BA9803000A06FCF;
					};
				};
			};
			buildConfigurationList = A209635B1BA9803000A06FCF /* Build configuration list for PBXProject "Travel Planner" */;
			compatibilityVersion = "Xcode 3.2";
			developmentRegion = English;
			hasScannedForEncodings = 0;
			knownRegions = (
				en,
				Base,
			);
			mainGroup = A20963571BA9803000A06FCF;
			productRefGroup = A20963611BA9803000A06FCF /* Products */;
			projectDirPath = "";
			projectRoot = "";
			targets = (
				A209635F1BA9803000A06FCF /* Travel Planner */,
				A20963781BA9803000A06FCF /* Travel PlannerTests */,
			);
		};
/* End PBXProject section */

/* Begin PBXResourcesBuildPhase section */
		A209635E1BA9803000A06FCF /* Resources */ = {
			isa = PBXResourcesBuildPhase;
			buildActionMask = 2147483647;
			files = (
				A209636F1BA9803000A06FCF /* Main.storyboard in Resources */,
				A20963741BA9803000A06FCF /* LaunchScreen.xib in Resources */,
				A20963711BA9803000A06FCF /* Images.xcassets in Resources */,
			);
			runOnlyForDeploymentPostprocessing = 0;
		};
		A20963771BA9803000A06FCF /* Resources */ = {
			isa = PBXResourcesBuildPhase;
			buildActionMask = 2147483647;
			files = (
			);
			runOnlyForDeploymentPostprocessing = 0;
		};
/* End PBXResourcesBuildPhase section */

/* Begin PBXSourcesBuildPhase section */
		A209635C1BA9803000A06FCF /* Sources */ = {
			isa = PBXSourcesBuildPhase;
			buildActionMask = 2147483647;
			files = (
				A209636C1BA9803000A06FCF /* ViewController.m in Sources */,
				A20963691BA9803000A06FCF /* AppDelegate.m in Sources */,
				A20963661BA9803000A06FCF /* main.m in Sources */,
			);
			runOnlyForDeploymentPostprocessing = 0;
		};
		A20963751BA9803000A06FCF /* Sources */ = {
			isa = PBXSourcesBuildPhase;
			buildActionMask = 2147483647;
			files = (
				A20963801BA9803000A06FCF /* Travel_PlannerTests.m in Sources */,
			);
			runOnlyForDeploymentPostprocessing = 0;
		};
/* End PBXSourcesBuildPhase section */

/* Begin PBXTargetDependency section */
		A209637B1BA9803000A06FCF /* PBXTargetDependency */ = {
			isa = PBXTargetDependency;
			target = A209635F1BA9803000A06FCF /* Travel Planner */;
			targetProxy = A209637A1BA9803000A06FCF /* PBXContainerItemProxy */;
		};
/* End PBXTargetDependency section */

/* Begin PBXVariantGroup section */
		A209636D1BA9803000A06FCF /* Main.storyboard */ = {
			isa = PBXVariantGroup;
			children = (
				A209636E1BA9803000A06FCF /* Base */,
			);
			name = Main.storyboard;
			sourceTree = "<group>";
		};
		A20963721BA9803000A06FCF /* LaunchScreen.xib */ = {
			isa = PBXVariantGroup;
			children = (
				A20963731BA9803000A06FCF /* Base */,
			);
			name = LaunchScreen.xib;
			sourceTree = "<group>";
		};
/* End PBXVariantGroup section */

/* Begin XCBuildConfiguration section */
		A20963811BA9803000A06FCF /* Debug */ = {
			isa = XCBuildConfiguration;
			buildSettings = {
				ALWAYS_SEARCH_USER_PATHS = NO;
				CLANG_CXX_LANGUAGE_STANDARD = "gnu++0x";
				CLANG_CXX_LIBRARY = "libc++";
				CLANG_ENABLE_MODULES = YES;
				CLANG_ENABLE_OBJC_ARC = YES;
				CLANG_WARN_BOOL_CONVERSION = YES;
				CLANG_WARN_CONSTANT_CONVERSION = YES;
				CLANG_WARN_DIRECT_OBJC_ISA_USAGE = YES_ERROR;
				CLANG_WARN_EMPTY_BODY = YES;
				CLANG_WARN_ENUM_CONVERSION = YES;
				CLANG_WARN_INT_CONVERSION = YES;
				CLANG_WARN_OBJC_ROOT_CLASS = YES_ERROR;
				CLANG_WARN_UNREACHABLE_CODE = YES;
				CLANG_WARN__DUPLICATE_METHOD_MATCH = YES;
				"CODE_SIGN_IDENTITY[sdk=iphoneos*]" = "iPhone Developer";
				COPY_PHASE_STRIP = NO;
				DEBUG_INFORMATION_FORMAT = "dwarf-with-dsym";
				ENABLE_STRICT_OBJC_MSGSEND = YES;
				GCC_C_LANGUAGE_STANDARD = gnu99;
				GCC_DYNAMIC_NO_PIC = NO;
				GCC_NO_COMMON_BLOCKS = YES;
				GCC_OPTIMIZATION_LEVEL = 0;
				GCC_PREPROCESSOR_DEFINITIONS = (
					"DEBUG=1",
					"$(inherited)",
				);
				GCC_SYMBOLS_PRIVATE_EXTERN = NO;
				GCC_WARN_64_TO_32_BIT_CONVERSION = YES;
				GCC_WARN_ABOUT_RETURN_TYPE = YES_ERROR;
				GCC_WARN_UNDECLARED_SELECTOR = YES;
				GCC_WARN_UNINITIALIZED_AUTOS = YES_AGGRESSIVE;
				GCC_WARN_UNUSED_FUNCTION = YES;
				GCC_WARN_UNUSED_VARIABLE = YES;
				IPHONEOS_DEPLOYMENT_TARGET = 8.4;
				MTL_ENABLE_DEBUG_INFO = YES;
				ONLY_ACTIVE_ARCH = YES;
				SDKROOT = iphoneos;
			};
			name = Debug;
		};
		A20963821BA9803000A06FCF /* Release */ = {
			isa = XCBuildConfiguration;
			buildSettings = {
				ALWAYS_SEARCH_USER_PATHS = NO;
				CLANG_CXX_LANGUAGE_STANDARD = "gnu++0x";
				CLANG_CXX_LIBRARY = "libc++";
				CLANG_ENABLE_MODULES = YES;
				CLANG_ENABLE_OBJC_ARC = YES;
				CLANG_WARN_BOOL_CONVERSION = YES;
				CLANG_WARN_CONSTANT_CONVERSION = YES;
				CLANG_WARN_DIRECT_OBJC_ISA_USAGE = YES_ERROR;
				CLANG_WARN_EMPTY_BODY = YES;
				CLANG_WARN_ENUM_CONVERSION = YES;
				CLANG_WARN_INT_CONVERSION = YES;
				CLANG_WARN_OBJC_ROOT_CLASS = YES_ERROR;
				CLANG_WARN_UNREACHABLE_CODE = YES;
				CLANG_WARN__DUPLICATE_METHOD_MATCH = YES;
				"CODE_SIGN_IDENTITY[sdk=iphoneos*]" = "iPhone Developer";
				COPY_PHASE_STRIP = NO;
				DEBUG_INFORMATION_FORMAT = "dwarf-with-dsym";
				ENABLE_NS_ASSERTIONS = NO;
				ENABLE_STRICT_OBJC_MSGSEND = YES;
				GCC_C_LANGUAGE_STANDARD = gnu99;
				GCC_NO_COMMON_BLOCKS = YES;
				GCC_WARN_64_TO_32_BIT_CONVERSION = YES;
				GCC_WARN_ABOUT_RETURN_TYPE = YES_ERROR;
				GCC_WARN_UNDECLARED_SELECTOR = YES;
				GCC_WARN_UNINITIALIZED_AUTOS = YES_AGGRESSIVE;
				GCC_WARN_UNUSED_FUNCTION = YES;
				GCC_WARN_UNUSED_VARIABLE = YES;
				IPHONEOS_DEPLOYMENT_TARGET = 8.4;
				MTL_ENABLE_DEBUG_INFO = NO;
				SDKROOT = iphoneos;
				VALIDATE_PRODUCT = YES;
			};
			name = Release;
		};
		A20963841BA9803000A06FCF /* Debug */ = {
			isa = XCBuildConfiguration;
			buildSettings = {
				ASSETCATALOG_COMPILER_APPICON_NAME = AppIcon;
				INFOPLIST_FILE = "Travel Planner/Info.plist";
				LD_RUNPATH_SEARCH_PATHS = "$(inherited) @executable_path/Frameworks";
				PRODUCT_NAME = "$(TARGET_NAME)";
			};
			name = Debug;
		};
		A20963851BA9803000A06FCF /* Release */ = {
			isa = XCBuildConfiguration;
			buildSettings = {
				ASSETCATALOG_COMPILER_APPICON_NAME = AppIcon;
				INFOPLIST_FILE = "Travel Planner/Info.plist";
				LD_RUNPATH_SEARCH_PATHS = "$(inherited) @executable_path/Frameworks";
				PRODUCT_NAME = "$(TARGET_NAME)";
			};
			name = Release;
		};
		A20963871BA9803000A06FCF /* Debug */ = {
			isa = XCBuildConfiguration;
			buildSettings = {
				BUNDLE_LOADER = "$(TEST_HOST)";
				FRAMEWORK_SEARCH_PATHS = (
					"$(SDKROOT)/Developer/Library/Frameworks",
					"$(inherited)",
				);
				GCC_PREPROCESSOR_DEFINITIONS = (
					"DEBUG=1",
					"$(inherited)",
				);
				INFOPLIST_FILE = "Travel PlannerTests/Info.plist";
				LD_RUNPATH_SEARCH_PATHS = "$(inherited) @executable_path/Frameworks @loader_path/Frameworks";
				PRODUCT_NAME = "$(TARGET_NAME)";
				TEST_HOST = "$(BUILT_PRODUCTS_DIR)/Travel Planner.app/Travel Planner";
			};
			name = Debug;
		};
		A20963881BA9803000A06FCF /* Release */ = {
			isa = XCBuildConfiguration;
			buildSettings = {
				BUNDLE_LOADER = "$(TEST_HOST)";
				FRAMEWORK_SEARCH_PATHS = (
					"$(SDKROOT)/Developer/Library/Frameworks",
					"$(inherited)",
				);
				INFOPLIST_FILE = "Travel PlannerTests/Info.plist";
				LD_RUNPATH_SEARCH_PATHS = "$(inherited) @executable_path/Frameworks @loader_path/Frameworks";
				PRODUCT_NAME = "$(TARGET_NAME)";
				TEST_HOST = "$(BUILT_PRODUCTS_DIR)/Travel Planner.app/Travel Planner";
			};
			name = Release;
		};
/* End XCBuildConfiguration section */

/* Begin XCConfigurationList section */
		A209635B1BA9803000A06FCF /* Build configuration list for PBXProject "Travel Planner" */ = {
			isa = XCConfigurationList;
			buildConfigurations = (
				A20963811BA9803000A06FCF /* Debug */,
				A20963821BA9803000A06FCF /* Release */,
			);
			defaultConfigurationIsVisible = 0;
			defaultConfigurationName = Release;
		};
		A20963831BA9803000A06FCF /* Build configuration list for PBXNativeTarget "Travel Planner" */ = {
			isa = XCConfigurationList;
			buildConfigurations = (
				A20963841BA9803000A06FCF /* Debug */,
				A20963851BA9803000A06FCF /* Release */,
			);
			defaultConfigurationIsVisible = 0;
		};
		A20963861BA9803000A06FCF /* Build configuration list for PBXNativeTarget "Travel PlannerTests" */ = {
			isa = XCConfigurationList;
			buildConfigurations = (
				A20963871BA9803000A06FCF /* Debug */,
				A20963881BA9803000A06FCF /* Release */,
			);
			defaultConfigurationIsVisible = 0;
		};
/* End XCConfigurationList section */
	};
	rootObject = A20963581BA9803000A06FCF /* Project object */;
}
